
Microsoft Visual Studio Solution File, Format Version 12.00
# Visual Studio Version 16
VisualStudioVersion = 16.0.30523.141
MinimumVisualStudioVersion = 10.0.40219.1
Project("{FAE04EC0-301F-11D3-BF4B-00C04F79EFBC}") = "MathsForGamesAssessment", "MathsForGamesAssessment\MathsForGamesAssessment.csproj", "{FD9A95CA-DE34-4BA9-9FA7-790F0DD315A7}"
EndProject
Project("{9A19103F-16F7-4668-BE54-9A1E7A4F7556}") = "MathLibrary", "..\MathLibrary\MathLibrary.csproj", "{04BA6AD1-7093-4C86-83DE-D18B5C0E0C9B}"
EndProject
Global
	GlobalSection(SolutionConfigurationPlatforms) = preSolution
		Debug|Any CPU = Debug|Any CPU
		Release|Any CPU = Release|Any CPU
	EndGlobalSection
	GlobalSection(ProjectConfigurationPlatforms) = postSolution
		{FD9A95CA-DE34-4BA9-9FA7-790F0DD315A7}.Debug|Any CPU.ActiveCfg = Debug|Any CPU
		{FD9A95CA-DE34-4BA9-9FA7-790F0DD315A7}.Debug|Any CPU.Build.0 = Debug|Any CPU
		{FD9A95CA-DE34-4BA9-9FA7-790F0DD315A7}.Release|Any CPU.ActiveCfg = Release|Any CPU
		{FD9A95CA-DE34-4BA9-9FA7-790F0DD315A7}.Release|Any CPU.Build.0 = Release|Any CPU
		{04BA6AD1-7093-4C86-83DE-D18B5C0E0C9B}.Debug|Any CPU.ActiveCfg = Debug|Any CPU
		{04BA6AD1-7093-4C86-83DE-D18B5C0E0C9B}.Debug|Any CPU.Build.0 = Debug|Any CPU
		{04BA6AD1-7093-4C86-83DE-D18B5C0E0C9B}.Release|Any CPU.ActiveCfg = Release|Any CPU
		{04BA6AD1-7093-4C86-83DE-D18B5C0E0C9B}.Release|Any CPU.Build.0 = Release|Any CPU
	EndGlobalSection
	GlobalSection(SolutionProperties) = preSolution
		HideSolutionNode = FALSE
	EndGlobalSection
	GlobalSection(ExtensibilityGlobals) = postSolution
		SolutionGuid = {5A450597-10A6-4D4B-B506-FA976BB104D3}
	EndGlobalSection
EndGlobal
